
Microsoft Visual Studio Solution File, Format Version 12.00
# Visual Studio 15
VisualStudioVersion = 15.0.27130.2010
MinimumVisualStudioVersion = 10.0.40219.1
Project("{FAE04EC0-301F-11D3-BF4B-00C04F79EFBC}") = "LewisUMarketplaceApp.Core", "src\LewisUMarketplaceApp.Core\LewisUMarketplaceApp.Core.csproj", "{C9B1EB1E-1746-4403-BF6F-AC0DA0E96F9E}"
EndProject
Project("{FAE04EC0-301F-11D3-BF4B-00C04F79EFBC}") = "LewisUMarketplaceApp.UI", "src\LewisUMarketplaceApp.UI\LewisUMarketplaceApp.UI.csproj", "{2D3C1A59-6F2B-4B03-9D32-7ACABA37CE0B}"
EndProject
Project("{FAE04EC0-301F-11D3-BF4B-00C04F79EFBC}") = "LewisUMarketplaceApp.Droid", "src\LewisUMarketplaceApp.Droid\LewisUMarketplaceApp.Droid.csproj", "{E53312B5-5A9D-4DC5-A736-27DFF9350014}"
EndProject
Project("{FAE04EC0-301F-11D3-BF4B-00C04F79EFBC}") = "LewisUMarketplaceApp.iOS", "src\LewisUMarketplaceApp.iOS\LewisUMarketplaceApp.iOS.csproj", "{D1393E9B-5C62-451F-B158-D8AA164D5D9D}"
EndProject
Project("{FAE04EC0-301F-11D3-BF4B-00C04F79EFBC}") = "LewisUMarketplaceApp.Core.Test", "test\LewisUMarketplaceApp.Core.Test\LewisUMarketplaceApp.Core.Test.csproj", "{7C8473FB-08B5-4663-9F01-F6AE9C590D35}"
EndProject
Project("{FAE04EC0-301F-11D3-BF4B-00C04F79EFBC}") = "LewisUMarketplaceApp.UI.Test", "test\LewisUMarketplaceApp.UI.Test\LewisUMarketplaceApp.UI.Test.csproj", "{324E1539-23B4-430C-8B35-5AC6BAB5148B}"
EndProject
Project("{2150E333-8FDC-42A3-9474-1A3956D46DE8}") = "!Solution Items", "!Solution Items", "{A31B5567-E1C7-4504-8C58-2CAD6F246F59}"
	ProjectSection(SolutionItems) = preProject
		.editorconfig = .editorconfig
	EndProjectSection
EndProject
Global
	GlobalSection(SolutionConfigurationPlatforms) = preSolution
		Debug|Any CPU = Debug|Any CPU
		Debug|ARM = Debug|ARM
		Debug|iPhone = Debug|iPhone
		Debug|iPhoneSimulator = Debug|iPhoneSimulator
		Debug|x64 = Debug|x64
		Debug|x86 = Debug|x86
		Release|Any CPU = Release|Any CPU
		Release|ARM = Release|ARM
		Release|iPhone = Release|iPhone
		Release|iPhoneSimulator = Release|iPhoneSimulator
		Release|x64 = Release|x64
		Release|x86 = Release|x86
	EndGlobalSection
	GlobalSection(ProjectConfigurationPlatforms) = postSolution
		{C9B1EB1E-1746-4403-BF6F-AC0DA0E96F9E}.Debug|Any CPU.ActiveCfg = Debug|Any CPU
		{C9B1EB1E-1746-4403-BF6F-AC0DA0E96F9E}.Debug|Any CPU.Build.0 = Debug|Any CPU
		{C9B1EB1E-1746-4403-BF6F-AC0DA0E96F9E}.Debug|ARM.ActiveCfg = Debug|Any CPU
		{C9B1EB1E-1746-4403-BF6F-AC0DA0E96F9E}.Debug|ARM.Build.0 = Debug|Any CPU
		{C9B1EB1E-1746-4403-BF6F-AC0DA0E96F9E}.Debug|iPhone.ActiveCfg = Debug|Any CPU
		{C9B1EB1E-1746-4403-BF6F-AC0DA0E96F9E}.Debug|iPhone.Build.0 = Debug|Any CPU
		{C9B1EB1E-1746-4403-BF6F-AC0DA0E96F9E}.Debug|iPhoneSimulator.ActiveCfg = Debug|Any CPU
		{C9B1EB1E-1746-4403-BF6F-AC0DA0E96F9E}.Debug|iPhoneSimulator.Build.0 = Debug|Any CPU
		{C9B1EB1E-1746-4403-BF6F-AC0DA0E96F9E}.Debug|x64.ActiveCfg = Debug|Any CPU
		{C9B1EB1E-1746-4403-BF6F-AC0DA0E96F9E}.Debug|x64.Build.0 = Debug|Any CPU
		{C9B1EB1E-1746-4403-BF6F-AC0DA0E96F9E}.Debug|x86.ActiveCfg = Debug|Any CPU
		{C9B1EB1E-1746-4403-BF6F-AC0DA0E96F9E}.Debug|x86.Build.0 = Debug|Any CPU
		{C9B1EB1E-1746-4403-BF6F-AC0DA0E96F9E}.Release|Any CPU.ActiveCfg = Release|Any CPU
		{C9B1EB1E-1746-4403-BF6F-AC0DA0E96F9E}.Release|Any CPU.Build.0 = Release|Any CPU
		{C9B1EB1E-1746-4403-BF6F-AC0DA0E96F9E}.Release|ARM.ActiveCfg = Release|Any CPU
		{C9B1EB1E-1746-4403-BF6F-AC0DA0E96F9E}.Release|ARM.Build.0 = Release|Any CPU
		{C9B1EB1E-1746-4403-BF6F-AC0DA0E96F9E}.Release|iPhone.ActiveCfg = Release|Any CPU
		{C9B1EB1E-1746-4403-BF6F-AC0DA0E96F9E}.Release|iPhone.Build.0 = Release|Any CPU
		{C9B1EB1E-1746-4403-BF6F-AC0DA0E96F9E}.Release|iPhoneSimulator.ActiveCfg = Release|Any CPU
		{C9B1EB1E-1746-4403-BF6F-AC0DA0E96F9E}.Release|iPhoneSimulator.Build.0 = Release|Any CPU
		{C9B1EB1E-1746-4403-BF6F-AC0DA0E96F9E}.Release|x64.ActiveCfg = Release|Any CPU
		{C9B1EB1E-1746-4403-BF6F-AC0DA0E96F9E}.Release|x64.Build.0 = Release|Any CPU
		{C9B1EB1E-1746-4403-BF6F-AC0DA0E96F9E}.Release|x86.ActiveCfg = Release|Any CPU
		{C9B1EB1E-1746-4403-BF6F-AC0DA0E96F9E}.Release|x86.Build.0 = Release|Any CPU
		{2D3C1A59-6F2B-4B03-9D32-7ACABA37CE0B}.Debug|Any CPU.ActiveCfg = Debug|Any CPU
		{2D3C1A59-6F2B-4B03-9D32-7ACABA37CE0B}.Debug|Any CPU.Build.0 = Debug|Any CPU
		{2D3C1A59-6F2B-4B03-9D32-7ACABA37CE0B}.Debug|ARM.ActiveCfg = Debug|Any CPU
		{2D3C1A59-6F2B-4B03-9D32-7ACABA37CE0B}.Debug|ARM.Build.0 = Debug|Any CPU
		{2D3C1A59-6F2B-4B03-9D32-7ACABA37CE0B}.Debug|iPhone.ActiveCfg = Debug|Any CPU
		{2D3C1A59-6F2B-4B03-9D32-7ACABA37CE0B}.Debug|iPhone.Build.0 = Debug|Any CPU
		{2D3C1A59-6F2B-4B03-9D32-7ACABA37CE0B}.Debug|iPhoneSimulator.ActiveCfg = Debug|Any CPU
		{2D3C1A59-6F2B-4B03-9D32-7ACABA37CE0B}.Debug|iPhoneSimulator.Build.0 = Debug|Any CPU
		{2D3C1A59-6F2B-4B03-9D32-7ACABA37CE0B}.Debug|x64.ActiveCfg = Debug|Any CPU
		{2D3C1A59-6F2B-4B03-9D32-7ACABA37CE0B}.Debug|x64.Build.0 = Debug|Any CPU
		{2D3C1A59-6F2B-4B03-9D32-7ACABA37CE0B}.Debug|x86.ActiveCfg = Debug|Any CPU
		{2D3C1A59-6F2B-4B03-9D32-7ACABA37CE0B}.Debug|x86.Build.0 = Debug|Any CPU
		{2D3C1A59-6F2B-4B03-9D32-7ACABA37CE0B}.Release|Any CPU.ActiveCfg = Release|Any CPU
		{2D3C1A59-6F2B-4B03-9D32-7ACABA37CE0B}.Release|Any CPU.Build.0 = Release|Any CPU
		{2D3C1A59-6F2B-4B03-9D32-7ACABA37CE0B}.Release|ARM.ActiveCfg = Release|Any CPU
		{2D3C1A59-6F2B-4B03-9D32-7ACABA37CE0B}.Release|ARM.Build.0 = Release|Any CPU
		{2D3C1A59-6F2B-4B03-9D32-7ACABA37CE0B}.Release|iPhone.ActiveCfg = Release|Any CPU
		{2D3C1A59-6F2B-4B03-9D32-7ACABA37CE0B}.Release|iPhone.Build.0 = Release|Any CPU
		{2D3C1A59-6F2B-4B03-9D32-7ACABA37CE0B}.Release|iPhoneSimulator.ActiveCfg = Release|Any CPU
		{2D3C1A59-6F2B-4B03-9D32-7ACABA37CE0B}.Release|iPhoneSimulator.Build.0 = Release|Any CPU
		{2D3C1A59-6F2B-4B03-9D32-7ACABA37CE0B}.Release|x64.ActiveCfg = Release|Any CPU
		{2D3C1A59-6F2B-4B03-9D32-7ACABA37CE0B}.Release|x64.Build.0 = Release|Any CPU
		{2D3C1A59-6F2B-4B03-9D32-7ACABA37CE0B}.Release|x86.ActiveCfg = Release|Any CPU
		{2D3C1A59-6F2B-4B03-9D32-7ACABA37CE0B}.Release|x86.Build.0 = Release|Any CPU
		{E53312B5-5A9D-4DC5-A736-27DFF9350014}.Debug|Any CPU.ActiveCfg = Debug|Any CPU
		{E53312B5-5A9D-4DC5-A736-27DFF9350014}.Debug|Any CPU.Build.0 = Debug|Any CPU
		{E53312B5-5A9D-4DC5-A736-27DFF9350014}.Debug|Any CPU.Deploy.0 = Debug|Any CPU
		{E53312B5-5A9D-4DC5-A736-27DFF9350014}.Debug|ARM.ActiveCfg = Debug|Any CPU
		{E53312B5-5A9D-4DC5-A736-27DFF9350014}.Debug|ARM.Build.0 = Debug|Any CPU
		{E53312B5-5A9D-4DC5-A736-27DFF9350014}.Debug|ARM.Deploy.0 = Debug|Any CPU
		{E53312B5-5A9D-4DC5-A736-27DFF9350014}.Debug|iPhone.ActiveCfg = Debug|Any CPU
		{E53312B5-5A9D-4DC5-A736-27DFF9350014}.Debug|iPhone.Build.0 = Debug|Any CPU
		{E53312B5-5A9D-4DC5-A736-27DFF9350014}.Debug|iPhone.Deploy.0 = Debug|Any CPU
		{E53312B5-5A9D-4DC5-A736-27DFF9350014}.Debug|iPhoneSimulator.ActiveCfg = Debug|Any CPU
		{E53312B5-5A9D-4DC5-A736-27DFF9350014}.Debug|iPhoneSimulator.Build.0 = Debug|Any CPU
		{E53312B5-5A9D-4DC5-A736-27DFF9350014}.Debug|iPhoneSimulator.Deploy.0 = Debug|Any CPU
		{E53312B5-5A9D-4DC5-A736-27DFF9350014}.Debug|x64.ActiveCfg = Debug|Any CPU
		{E53312B5-5A9D-4DC5-A736-27DFF9350014}.Debug|x64.Build.0 = Debug|Any CPU
		{E53312B5-5A9D-4DC5-A736-27DFF9350014}.Debug|x64.Deploy.0 = Debug|Any CPU
		{E53312B5-5A9D-4DC5-A736-27DFF9350014}.Debug|x86.ActiveCfg = Debug|Any CPU
		{E53312B5-5A9D-4DC5-A736-27DFF9350014}.Debug|x86.Build.0 = Debug|Any CPU
		{E53312B5-5A9D-4DC5-A736-27DFF9350014}.Debug|x86.Deploy.0 = Debug|Any CPU
		{E53312B5-5A9D-4DC5-A736-27DFF9350014}.Release|Any CPU.ActiveCfg = Release|Any CPU
		{E53312B5-5A9D-4DC5-A736-27DFF9350014}.Release|Any CPU.Build.0 = Release|Any CPU
		{E53312B5-5A9D-4DC5-A736-27DFF9350014}.Release|Any CPU.Deploy.0 = Release|Any CPU
		{E53312B5-5A9D-4DC5-A736-27DFF9350014}.Release|ARM.ActiveCfg = Release|Any CPU
		{E53312B5-5A9D-4DC5-A736-27DFF9350014}.Release|ARM.Build.0 = Release|Any CPU
		{E53312B5-5A9D-4DC5-A736-27DFF9350014}.Release|ARM.Deploy.0 = Release|Any CPU
		{E53312B5-5A9D-4DC5-A736-27DFF9350014}.Release|iPhone.ActiveCfg = Release|Any CPU
		{E53312B5-5A9D-4DC5-A736-27DFF9350014}.Release|iPhone.Build.0 = Release|Any CPU
		{E53312B5-5A9D-4DC5-A736-27DFF9350014}.Release|iPhone.Deploy.0 = Release|Any CPU
		{E53312B5-5A9D-4DC5-A736-27DFF9350014}.Release|iPhoneSimulator.ActiveCfg = Release|Any CPU
		{E53312B5-5A9D-4DC5-A736-27DFF9350014}.Release|iPhoneSimulator.Build.0 = Release|Any CPU
		{E53312B5-5A9D-4DC5-A736-27DFF9350014}.Release|iPhoneSimulator.Deploy.0 = Release|Any CPU
		{E53312B5-5A9D-4DC5-A736-27DFF9350014}.Release|x64.ActiveCfg = Release|Any CPU
		{E53312B5-5A9D-4DC5-A736-27DFF9350014}.Release|x64.Build.0 = Release|Any CPU
		{E53312B5-5A9D-4DC5-A736-27DFF9350014}.Release|x64.Deploy.0 = Release|Any CPU
		{E53312B5-5A9D-4DC5-A736-27DFF9350014}.Release|x86.ActiveCfg = Release|Any CPU
		{E53312B5-5A9D-4DC5-A736-27DFF9350014}.Release|x86.Build.0 = Release|Any CPU
		{E53312B5-5A9D-4DC5-A736-27DFF9350014}.Release|x86.Deploy.0 = Release|Any CPU
		{D1393E9B-5C62-451F-B158-D8AA164D5D9D}.Debug|Any CPU.ActiveCfg = Debug|iPhone
		{D1393E9B-5C62-451F-B158-D8AA164D5D9D}.Debug|Any CPU.Build.0 = Debug|iPhone
		{D1393E9B-5C62-451F-B158-D8AA164D5D9D}.Debug|ARM.ActiveCfg = Debug|iPhone
		{D1393E9B-5C62-451F-B158-D8AA164D5D9D}.Debug|iPhone.ActiveCfg = Debug|iPhone
		{D1393E9B-5C62-451F-B158-D8AA164D5D9D}.Debug|iPhone.Build.0 = Debug|iPhone
		{D1393E9B-5C62-451F-B158-D8AA164D5D9D}.Debug|iPhone.Deploy.0 = Debug|iPhone
		{D1393E9B-5C62-451F-B158-D8AA164D5D9D}.Debug|iPhoneSimulator.ActiveCfg = Debug|iPhoneSimulator
		{D1393E9B-5C62-451F-B158-D8AA164D5D9D}.Debug|iPhoneSimulator.Build.0 = Debug|iPhoneSimulator
		{D1393E9B-5C62-451F-B158-D8AA164D5D9D}.Debug|iPhoneSimulator.Deploy.0 = Debug|iPhoneSimulator
		{D1393E9B-5C62-451F-B158-D8AA164D5D9D}.Debug|x64.ActiveCfg = Debug|iPhone
		{D1393E9B-5C62-451F-B158-D8AA164D5D9D}.Debug|x86.ActiveCfg = Debug|iPhone
		{D1393E9B-5C62-451F-B158-D8AA164D5D9D}.Release|Any CPU.ActiveCfg = Release|iPhone
		{D1393E9B-5C62-451F-B158-D8AA164D5D9D}.Release|ARM.ActiveCfg = Release|iPhone
		{D1393E9B-5C62-451F-B158-D8AA164D5D9D}.Release|iPhone.ActiveCfg = Release|iPhone
		{D1393E9B-5C62-451F-B158-D8AA164D5D9D}.Release|iPhone.Build.0 = Release|iPhone
		{D1393E9B-5C62-451F-B158-D8AA164D5D9D}.Release|iPhone.Deploy.0 = Release|iPhone
		{D1393E9B-5C62-451F-B158-D8AA164D5D9D}.Release|iPhoneSimulator.ActiveCfg = Release|iPhoneSimulator
		{D1393E9B-5C62-451F-B158-D8AA164D5D9D}.Release|iPhoneSimulator.Build.0 = Release|iPhoneSimulator
		{D1393E9B-5C62-451F-B158-D8AA164D5D9D}.Release|iPhoneSimulator.Deploy.0 = Release|iPhoneSimulator
		{D1393E9B-5C62-451F-B158-D8AA164D5D9D}.Release|x64.ActiveCfg = Release|iPhone
		{D1393E9B-5C62-451F-B158-D8AA164D5D9D}.Release|x86.ActiveCfg = Release|iPhone
		{7C8473FB-08B5-4663-9F01-F6AE9C590D35}.Debug|Any CPU.ActiveCfg = Debug|Any CPU
		{7C8473FB-08B5-4663-9F01-F6AE9C590D35}.Debug|Any CPU.Build.0 = Debug|Any CPU
		{7C8473FB-08B5-4663-9F01-F6AE9C590D35}.Debug|ARM.ActiveCfg = Debug|Any CPU
		{7C8473FB-08B5-4663-9F01-F6AE9C590D35}.Debug|ARM.Build.0 = Debug|Any CPU
		{7C8473FB-08B5-4663-9F01-F6AE9C590D35}.Debug|iPhone.ActiveCfg = Debug|Any CPU
		{7C8473FB-08B5-4663-9F01-F6AE9C590D35}.Debug|iPhone.Build.0 = Debug|Any CPU
		{7C8473FB-08B5-4663-9F01-F6AE9C590D35}.Debug|iPhoneSimulator.ActiveCfg = Debug|Any CPU
		{7C8473FB-08B5-4663-9F01-F6AE9C590D35}.Debug|iPhoneSimulator.Build.0 = Debug|Any CPU
		{7C8473FB-08B5-4663-9F01-F6AE9C590D35}.Debug|x64.ActiveCfg = Debug|Any CPU
		{7C8473FB-08B5-4663-9F01-F6AE9C590D35}.Debug|x64.Build.0 = Debug|Any CPU
		{7C8473FB-08B5-4663-9F01-F6AE9C590D35}.Debug|x86.ActiveCfg = Debug|Any CPU
		{7C8473FB-08B5-4663-9F01-F6AE9C590D35}.Debug|x86.Build.0 = Debug|Any CPU
		{7C8473FB-08B5-4663-9F01-F6AE9C590D35}.Release|Any CPU.ActiveCfg = Release|Any CPU
		{7C8473FB-08B5-4663-9F01-F6AE9C590D35}.Release|Any CPU.Build.0 = Release|Any CPU
		{7C8473FB-08B5-4663-9F01-F6AE9C590D35}.Release|ARM.ActiveCfg = Release|Any CPU
		{7C8473FB-08B5-4663-9F01-F6AE9C590D35}.Release|ARM.Build.0 = Release|Any CPU
		{7C8473FB-08B5-4663-9F01-F6AE9C590D35}.Release|iPhone.ActiveCfg = Release|Any CPU
		{7C8473FB-08B5-4663-9F01-F6AE9C590D35}.Release|iPhone.Build.0 = Release|Any CPU
		{7C8473FB-08B5-4663-9F01-F6AE9C590D35}.Release|iPhoneSimulator.ActiveCfg = Release|Any CPU
		{7C8473FB-08B5-4663-9F01-F6AE9C590D35}.Release|iPhoneSimulator.Build.0 = Release|Any CPU
		{7C8473FB-08B5-4663-9F01-F6AE9C590D35}.Release|x64.ActiveCfg = Release|Any CPU
		{7C8473FB-08B5-4663-9F01-F6AE9C590D35}.Release|x64.Build.0 = Release|Any CPU
		{7C8473FB-08B5-4663-9F01-F6AE9C590D35}.Release|x86.ActiveCfg = Release|Any CPU
		{7C8473FB-08B5-4663-9F01-F6AE9C590D35}.Release|x86.Build.0 = Release|Any CPU
		{324E1539-23B4-430C-8B35-5AC6BAB5148B}.Debug|Any CPU.ActiveCfg = Debug|Any CPU
		{324E1539-23B4-430C-8B35-5AC6BAB5148B}.Debug|Any CPU.Build.0 = Debug|Any CPU
		{324E1539-23B4-430C-8B35-5AC6BAB5148B}.Debug|ARM.ActiveCfg = Debug|Any CPU
		{324E1539-23B4-430C-8B35-5AC6BAB5148B}.Debug|ARM.Build.0 = Debug|Any CPU
		{324E1539-23B4-430C-8B35-5AC6BAB5148B}.Debug|iPhone.ActiveCfg = Debug|Any CPU
		{324E1539-23B4-430C-8B35-5AC6BAB5148B}.Debug|iPhone.Build.0 = Debug|Any CPU
		{324E1539-23B4-430C-8B35-5AC6BAB5148B}.Debug|iPhoneSimulator.ActiveCfg = Debug|Any CPU
		{324E1539-23B4-430C-8B35-5AC6BAB5148B}.Debug|iPhoneSimulator.Build.0 = Debug|Any CPU
		{324E1539-23B4-430C-8B35-5AC6BAB5148B}.Debug|x64.ActiveCfg = Debug|Any CPU
		{324E1539-23B4-430C-8B35-5AC6BAB5148B}.Debug|x64.Build.0 = Debug|Any CPU
		{324E1539-23B4-430C-8B35-5AC6BAB5148B}.Debug|x86.ActiveCfg = Debug|Any CPU
		{324E1539-23B4-430C-8B35-5AC6BAB5148B}.Debug|x86.Build.0 = Debug|Any CPU
		{324E1539-23B4-430C-8B35-5AC6BAB5148B}.Release|Any CPU.ActiveCfg = Release|Any CPU
		{324E1539-23B4-430C-8B35-5AC6BAB5148B}.Release|Any CPU.Build.0 = Release|Any CPU
		{324E1539-23B4-430C-8B35-5AC6BAB5148B}.Release|ARM.ActiveCfg = Release|Any CPU
		{324E1539-23B4-430C-8B35-5AC6BAB5148B}.Release|ARM.Build.0 = Release|Any CPU
		{324E1539-23B4-430C-8B35-5AC6BAB5148B}.Release|iPhone.ActiveCfg = Release|Any CPU
		{324E1539-23B4-430C-8B35-5AC6BAB5148B}.Release|iPhone.Build.0 = Release|Any CPU
		{324E1539-23B4-430C-8B35-5AC6BAB5148B}.Release|iPhoneSimulator.ActiveCfg = Release|Any CPU
		{324E1539-23B4-430C-8B35-5AC6BAB5148B}.Release|iPhoneSimulator.Build.0 = Release|Any CPU
		{324E1539-23B4-430C-8B35-5AC6BAB5148B}.Release|x64.ActiveCfg = Release|Any CPU
		{324E1539-23B4-430C-8B35-5AC6BAB5148B}.Release|x64.Build.0 = Release|Any CPU
		{324E1539-23B4-430C-8B35-5AC6BAB5148B}.Release|x86.ActiveCfg = Release|Any CPU
		{324E1539-23B4-430C-8B35-5AC6BAB5148B}.Release|x86.Build.0 = Release|Any CPU
	EndGlobalSection
	GlobalSection(SolutionProperties) = preSolution
		HideSolutionNode = FALSE
	EndGlobalSection
	GlobalSection(ExtensibilityGlobals) = postSolution
		SolutionGuid = {8CE78168-69BC-4AF9-BCD9-B77F5D4EAB4D}
	EndGlobalSection
EndGlobal
